
Microsoft Visual Studio Solution File, Format Version 12.00
# Visual Studio Version 16
VisualStudioVersion = 16.0.31129.286
MinimumVisualStudioVersion = 10.0.40219.1
Project("{8BC9CEB8-8B4A-11D0-8D11-00A0C91BC942}") = "类模板对象做函数参数", "类模板对象做函数参数.vcxproj", "{9DCE9538-6BC4-4FF6-9499-8EDA2C5BEEAA}"
EndProject
Global
	GlobalSection(SolutionConfigurationPlatforms) = preSolution
		Debug|x64 = Debug|x64
		Debug|x86 = Debug|x86
		Release|x64 = Release|x64
		Release|x86 = Release|x86
	EndGlobalSection
	GlobalSection(ProjectConfigurationPlatforms) = postSolution
		{9DCE9538-6BC4-4FF6-9499-8EDA2C5BEEAA}.Debug|x64.ActiveCfg = Debug|x64
		{9DCE9538-6BC4-4FF6-9499-8EDA2C5BEEAA}.Debug|x64.Build.0 = Debug|x64
		{9DCE9538-6BC4-4FF6-9499-8EDA2C5BEEAA}.Debug|x86.ActiveCfg = Debug|Win32
		{9DCE9538-6BC4-4FF6-9499-8EDA2C5BEEAA}.Debug|x86.Build.0 = Debug|Win32
		{9DCE9538-6BC4-4FF6-9499-8EDA2C5BEEAA}.Release|x64.ActiveCfg = Release|x64
		{9DCE9538-6BC4-4FF6-9499-8EDA2C5BEEAA}.Release|x64.Build.0 = Release|x64
		{9DCE9538-6BC4-4FF6-9499-8EDA2C5BEEAA}.Release|x86.ActiveCfg = Release|Win32
		{9DCE9538-6BC4-4FF6-9499-8EDA2C5BEEAA}.Release|x86.Build.0 = Release|Win32
	EndGlobalSection
	GlobalSection(SolutionProperties) = preSolution
		HideSolutionNode = FALSE
	EndGlobalSection
	GlobalSection(ExtensibilityGlobals) = postSolution
		SolutionGuid = {3C49E34E-C3D8-4F82-BDCB-6E2C20048B28}
	EndGlobalSection
EndGlobal
