
Microsoft Visual Studio Solution File, Format Version 12.00
# Visual Studio Version 16
VisualStudioVersion = 16.0.31129.286
MinimumVisualStudioVersion = 10.0.40219.1
Project("{8BC9CEB8-8B4A-11D0-8D11-00A0C91BC942}") = "运算符重载", "运算符重载.vcxproj", "{B3850A94-B703-4B7D-A370-7AB21838099F}"
EndProject
Global
	GlobalSection(SolutionConfigurationPlatforms) = preSolution
		Debug|x64 = Debug|x64
		Debug|x86 = Debug|x86
		Release|x64 = Release|x64
		Release|x86 = Release|x86
	EndGlobalSection
	GlobalSection(ProjectConfigurationPlatforms) = postSolution
		{B3850A94-B703-4B7D-A370-7AB21838099F}.Debug|x64.ActiveCfg = Debug|x64
		{B3850A94-B703-4B7D-A370-7AB21838099F}.Debug|x64.Build.0 = Debug|x64
		{B3850A94-B703-4B7D-A370-7AB21838099F}.Debug|x86.ActiveCfg = Debug|Win32
		{B3850A94-B703-4B7D-A370-7AB21838099F}.Debug|x86.Build.0 = Debug|Win32
		{B3850A94-B703-4B7D-A370-7AB21838099F}.Release|x64.ActiveCfg = Release|x64
		{B3850A94-B703-4B7D-A370-7AB21838099F}.Release|x64.Build.0 = Release|x64
		{B3850A94-B703-4B7D-A370-7AB21838099F}.Release|x86.ActiveCfg = Release|Win32
		{B3850A94-B703-4B7D-A370-7AB21838099F}.Release|x86.Build.0 = Release|Win32
	EndGlobalSection
	GlobalSection(SolutionProperties) = preSolution
		HideSolutionNode = FALSE
	EndGlobalSection
	GlobalSection(ExtensibilityGlobals) = postSolution
		SolutionGuid = {65E4DE70-58DA-4458-856E-616351BA369D}
	EndGlobalSection
EndGlobal
