
Microsoft Visual Studio Solution File, Format Version 12.00
# Visual Studio Version 16
VisualStudioVersion = 16.0.31129.286
MinimumVisualStudioVersion = 10.0.40219.1
Project("{8BC9CEB8-8B4A-11D0-8D11-00A0C91BC942}") = "引用", "引用.vcxproj", "{F80F5B12-FA2E-4170-9C04-8C2E0A43E257}"
EndProject
Global
	GlobalSection(SolutionConfigurationPlatforms) = preSolution
		Debug|x64 = Debug|x64
		Debug|x86 = Debug|x86
		Release|x64 = Release|x64
		Release|x86 = Release|x86
	EndGlobalSection
	GlobalSection(ProjectConfigurationPlatforms) = postSolution
		{F80F5B12-FA2E-4170-9C04-8C2E0A43E257}.Debug|x64.ActiveCfg = Debug|x64
		{F80F5B12-FA2E-4170-9C04-8C2E0A43E257}.Debug|x64.Build.0 = Debug|x64
		{F80F5B12-FA2E-4170-9C04-8C2E0A43E257}.Debug|x86.ActiveCfg = Debug|Win32
		{F80F5B12-FA2E-4170-9C04-8C2E0A43E257}.Debug|x86.Build.0 = Debug|Win32
		{F80F5B12-FA2E-4170-9C04-8C2E0A43E257}.Release|x64.ActiveCfg = Release|x64
		{F80F5B12-FA2E-4170-9C04-8C2E0A43E257}.Release|x64.Build.0 = Release|x64
		{F80F5B12-FA2E-4170-9C04-8C2E0A43E257}.Release|x86.ActiveCfg = Release|Win32
		{F80F5B12-FA2E-4170-9C04-8C2E0A43E257}.Release|x86.Build.0 = Release|Win32
	EndGlobalSection
	GlobalSection(SolutionProperties) = preSolution
		HideSolutionNode = FALSE
	EndGlobalSection
	GlobalSection(ExtensibilityGlobals) = postSolution
		SolutionGuid = {C7D353C5-FB2F-4AD7-B512-A93D734D4CC7}
	EndGlobalSection
EndGlobal
