
Microsoft Visual Studio Solution File, Format Version 12.00
# Visual Studio Version 16
VisualStudioVersion = 16.0.31129.286
MinimumVisualStudioVersion = 10.0.40219.1
Project("{8BC9CEB8-8B4A-11D0-8D11-00A0C91BC942}") = "成员函数做友元", "成员函数做友元.vcxproj", "{02B7E5C9-1065-49EA-AA06-EF19E8B7F958}"
EndProject
Global
	GlobalSection(SolutionConfigurationPlatforms) = preSolution
		Debug|x64 = Debug|x64
		Debug|x86 = Debug|x86
		Release|x64 = Release|x64
		Release|x86 = Release|x86
	EndGlobalSection
	GlobalSection(ProjectConfigurationPlatforms) = postSolution
		{02B7E5C9-1065-49EA-AA06-EF19E8B7F958}.Debug|x64.ActiveCfg = Debug|x64
		{02B7E5C9-1065-49EA-AA06-EF19E8B7F958}.Debug|x64.Build.0 = Debug|x64
		{02B7E5C9-1065-49EA-AA06-EF19E8B7F958}.Debug|x86.ActiveCfg = Debug|Win32
		{02B7E5C9-1065-49EA-AA06-EF19E8B7F958}.Debug|x86.Build.0 = Debug|Win32
		{02B7E5C9-1065-49EA-AA06-EF19E8B7F958}.Release|x64.ActiveCfg = Release|x64
		{02B7E5C9-1065-49EA-AA06-EF19E8B7F958}.Release|x64.Build.0 = Release|x64
		{02B7E5C9-1065-49EA-AA06-EF19E8B7F958}.Release|x86.ActiveCfg = Release|Win32
		{02B7E5C9-1065-49EA-AA06-EF19E8B7F958}.Release|x86.Build.0 = Release|Win32
	EndGlobalSection
	GlobalSection(SolutionProperties) = preSolution
		HideSolutionNode = FALSE
	EndGlobalSection
	GlobalSection(ExtensibilityGlobals) = postSolution
		SolutionGuid = {A5851329-5C62-4C60-A40C-9F7BEFDE78DE}
	EndGlobalSection
EndGlobal
